version = 1
revision = 3
requires-python = ">=3.14"

[[package]]
name = "blackhalo"
version = "1.0.0"
source = { virtual = "." }
dependencies = [
    { name = "pycryptodome" },
    { name = "pyqt6" },
    { name = "pyqt6-webengine" },
    { name = "pytest" },
    { name = "pytest-cov" },
    { name = "pyzmail39" },
    { name = "setuptools" },
    { name = "stopit" },
]

[package.metadata]
requires-dist = [
    { name = "pycryptodome", specifier = ">=3.23.0" },
    { name = "pyqt6", specifier = ">=6.10.1" },
    { name = "pyqt6-webengine", specifier = ">=6.10.0" },
    { name = "pytest", specifier = ">=9.0.2" },
    { name = "pytest-cov", specifier = ">=7.0.0" },
    { name = "pyzmail39", specifier = ">=0.0.2" },
    { name = "setuptools", specifier = ">=80.9.0" },
    { name = "stopit", specifier = ">=1.1.2" },
]

[[package]]
name = "colorama"
version = "0.4.6"
source = { registry = "https://pypi.org/simple" }
sdist = { url = "https://files.pythonhosted.org/packages/d8/53/6f443c9a4a8358a93a6792e2acffb9d9d5cb0a5cfd8802644b7b1c9a02e4/colorama-0.4.6.tar.gz", hash = "sha256:08695f5cb7ed6e0531a20572697297273c47b8cae5a63ffc6d6ed5c201be6e44", size = 27697, upload-time = "2022-10-25T02:36:22.414Z" }
wheels = [
    { url = "https://files.pythonhosted.org/packages/d1/d6/3965ed04c63042e047cb6a3e6ed1a63a35087b6a609aa3a15ed8ac56c221/colorama-0.4.6-py2.py3-none-any.whl", hash = "sha256:4f1d9991f5acc0ca119f9d443620b77f9d6b33703e51011c16baf57afb285fc6", size = 25335, upload-time = "2022-10-25T02:36:20.889Z" },
]

[[package]]
name = "coverage"
version = "7.13.1"
source = { registry = "https://pypi.org/simple" }
sdist = { url = "https://files.pythonhosted.org/packages/23/f9/e92df5e07f3fc8d4c7f9a0f146ef75446bf870351cd37b788cf5897f8079/coverage-7.13.1.tar.gz", hash = "sha256:b7593fe7eb5feaa3fbb461ac79aac9f9fc0387a5ca8080b0c6fe2ca27b091afd", size = 825862, upload-time = "2025-12-28T15:42:56.969Z" }
wheels = [
    { url = "https://files.pythonhosted.org/packages/aa/8e/ba0e597560c6563fc0adb902fda6526df5d4aa73bb10adf0574d03bd2206/coverage-7.13.1-cp314-cp314-macosx_10_15_x86_64.whl", hash = "sha256:97ab3647280d458a1f9adb85244e81587505a43c0c7cff851f5116cd2814b894", size = 218996, upload-time = "2025-12-28T15:42:04.978Z" },
    { url = "https://files.pythonhosted.org/packages/6b/8e/764c6e116f4221dc7aa26c4061181ff92edb9c799adae6433d18eeba7a14/coverage-7.13.1-cp314-cp314-macosx_11_0_arm64.whl", hash = "sha256:8f572d989142e0908e6acf57ad1b9b86989ff057c006d13b76c146ec6a20216a", size = 219326, upload-time = "2025-12-28T15:42:06.691Z" },
    { url = "https://files.pythonhosted.org/packages/4f/a6/6130dc6d8da28cdcbb0f2bf8865aeca9b157622f7c0031e48c6cf9a0e591/coverage-7.13.1-cp314-cp314-manylinux1_i686.manylinux_2_28_i686.manylinux_2_5_i686.whl", hash = "sha256:d72140ccf8a147e94274024ff6fd8fb7811354cf7ef88b1f0a988ebaa5bc774f", size = 250374, upload-time = "2025-12-28T15:42:08.786Z" },
    { url = "https://files.pythonhosted.org/packages/82/2b/783ded568f7cd6b677762f780ad338bf4b4750205860c17c25f7c708995e/coverage-7.13.1-cp314-cp314-manylinux1_x86_64.manylinux_2_28_x86_64.manylinux_2_5_x86_64.whl", hash = "sha256:d3c9f051b028810f5a87c88e5d6e9af3c0ff32ef62763bf15d29f740453ca909", size = 252882, upload-time = "2025-12-28T15:42:10.515Z" },
    { url = "https://files.pythonhosted.org/packages/cd/b2/9808766d082e6a4d59eb0cc881a57fc1600eb2c5882813eefff8254f71b5/coverage-7.13.1-cp314-cp314-manylinux2014_aarch64.manylinux_2_17_aarch64.manylinux_2_28_aarch64.whl", hash = "sha256:f398ba4df52d30b1763f62eed9de5620dcde96e6f491f4c62686736b155aa6e4", size = 254218, upload-time = "2025-12-28T15:42:12.208Z" },
    { url = "https://files.pythonhosted.org/packages/44/ea/52a985bb447c871cb4d2e376e401116520991b597c85afdde1ea9ef54f2c/coverage-7.13.1-cp314-cp314-manylinux_2_31_riscv64.manylinux_2_39_riscv64.whl", hash = "sha256:132718176cc723026d201e347f800cd1a9e4b62ccd3f82476950834dad501c75", size = 250391, upload-time = "2025-12-28T15:42:14.21Z" },
    { url = "https://files.pythonhosted.org/packages/7f/1d/125b36cc12310718873cfc8209ecfbc1008f14f4f5fa0662aa608e579353/coverage-7.13.1-cp314-cp314-musllinux_1_2_aarch64.whl", hash = "sha256:9e549d642426e3579b3f4b92d0431543b012dcb6e825c91619d4e93b7363c3f9", size = 252239, upload-time = "2025-12-28T15:42:16.292Z" },
    { url = "https://files.pythonhosted.org/packages/6a/16/10c1c164950cade470107f9f14bbac8485f8fb8515f515fca53d337e4a7f/coverage-7.13.1-cp314-cp314-musllinux_1_2_i686.whl", hash = "sha256:90480b2134999301eea795b3a9dbf606c6fbab1b489150c501da84a959442465", size = 250196, upload-time = "2025-12-28T15:42:18.54Z" },
    { url = "https://files.pythonhosted.org/packages/2a/c6/cd860fac08780c6fd659732f6ced1b40b79c35977c1356344e44d72ba6c4/coverage-7.13.1-cp314-cp314-musllinux_1_2_riscv64.whl", hash = "sha256:e825dbb7f84dfa24663dd75835e7257f8882629fc11f03ecf77d84a75134b864", size = 250008, upload-time = "2025-12-28T15:42:20.365Z" },
    { url = "https://files.pythonhosted.org/packages/f0/3a/a8c58d3d38f82a5711e1e0a67268362af48e1a03df27c03072ac30feefcf/coverage-7.13.1-cp314-cp314-musllinux_1_2_x86_64.whl", hash = "sha256:623dcc6d7a7ba450bbdbeedbaa0c42b329bdae16491af2282f12a7e809be7eb9", size = 251671, upload-time = "2025-12-28T15:42:22.114Z" },
    { url = "https://files.pythonhosted.org/packages/f0/bc/fd4c1da651d037a1e3d53e8cb3f8182f4b53271ffa9a95a2e211bacc0349/coverage-7.13.1-cp314-cp314-win32.whl", hash = "sha256:6e73ebb44dca5f708dc871fe0b90cf4cff1a13f9956f747cc87b535a840386f5", size = 221777, upload-time = "2025-12-28T15:42:23.919Z" },
    { url = "https://files.pythonhosted.org/packages/4b/50/71acabdc8948464c17e90b5ffd92358579bd0910732c2a1c9537d7536aa6/coverage-7.13.1-cp314-cp314-win_amd64.whl", hash = "sha256:be753b225d159feb397bd0bf91ae86f689bad0da09d3b301478cd39b878ab31a", size = 222592, upload-time = "2025-12-28T15:42:25.619Z" },
    { url = "https://files.pythonhosted.org/packages/f7/c8/a6fb943081bb0cc926499c7907731a6dc9efc2cbdc76d738c0ab752f1a32/coverage-7.13.1-cp314-cp314-win_arm64.whl", hash = "sha256:228b90f613b25ba0019361e4ab81520b343b622fc657daf7e501c4ed6a2366c0", size = 221169, upload-time = "2025-12-28T15:42:27.629Z" },
    { url = "https://files.pythonhosted.org/packages/16/61/d5b7a0a0e0e40d62e59bc8c7aa1afbd86280d82728ba97f0673b746b78e2/coverage-7.13.1-cp314-cp314t-macosx_10_15_x86_64.whl", hash = "sha256:60cfb538fe9ef86e5b2ab0ca8fc8d62524777f6c611dcaf76dc16fbe9b8e698a", size = 219730, upload-time = "2025-12-28T15:42:29.306Z" },
    { url = "https://files.pythonhosted.org/packages/a3/2c/8881326445fd071bb49514d1ce97d18a46a980712b51fee84f9ab42845b4/coverage-7.13.1-cp314-cp314t-macosx_11_0_arm64.whl", hash = "sha256:57dfc8048c72ba48a8c45e188d811e5efd7e49b387effc8fb17e97936dde5bf6", size = 220001, upload-time = "2025-12-28T15:42:31.319Z" },
    { url = "https://files.pythonhosted.org/packages/b5/d7/50de63af51dfa3a7f91cc37ad8fcc1e244b734232fbc8b9ab0f3c834a5cd/coverage-7.13.1-cp314-cp314t-manylinux1_i686.manylinux_2_28_i686.manylinux_2_5_i686.whl", hash = "sha256:3f2f725aa3e909b3c5fdb8192490bdd8e1495e85906af74fe6e34a2a77ba0673", size = 261370, upload-time = "2025-12-28T15:42:32.992Z" },
    { url = "https://files.pythonhosted.org/packages/e1/2c/d31722f0ec918fd7453b2758312729f645978d212b410cd0f7c2aed88a94/coverage-7.13.1-cp314-cp314t-manylinux1_x86_64.manylinux_2_28_x86_64.manylinux_2_5_x86_64.whl", hash = "sha256:9ee68b21909686eeb21dfcba2c3b81fee70dcf38b140dcd5aa70680995fa3aa5", size = 263485, upload-time = "2025-12-28T15:42:34.759Z" },
    { url = "https://files.pythonhosted.org/packages/fa/7a/2c114fa5c5fc08ba0777e4aec4c97e0b4a1afcb69c75f1f54cff78b073ab/coverage-7.13.1-cp314-cp314t-manylinux2014_aarch64.manylinux_2_17_aarch64.manylinux_2_28_aarch64.whl", hash = "sha256:724b1b270cb13ea2e6503476e34541a0b1f62280bc997eab443f87790202033d", size = 265890, upload-time = "2025-12-28T15:42:36.517Z" },
    { url = "https://files.pythonhosted.org/packages/65/d9/f0794aa1c74ceabc780fe17f6c338456bbc4e96bd950f2e969f48ac6fb20/coverage-7.13.1-cp314-cp314t-manylinux_2_31_riscv64.manylinux_2_39_riscv64.whl", hash = "sha256:916abf1ac5cf7eb16bc540a5bf75c71c43a676f5c52fcb9fe75a2bd75fb944e8", size = 260445, upload-time = "2025-12-28T15:42:38.646Z" },
    { url = "https://files.pythonhosted.org/packages/49/23/184b22a00d9bb97488863ced9454068c79e413cb23f472da6cbddc6cfc52/coverage-7.13.1-cp314-cp314t-musllinux_1_2_aarch64.whl", hash = "sha256:776483fd35b58d8afe3acbd9988d5de592ab6da2d2a865edfdbc9fdb43e7c486", size = 263357, upload-time = "2025-12-28T15:42:40.788Z" },
    { url = "https://files.pythonhosted.org/packages/7d/bd/58af54c0c9199ea4190284f389005779d7daf7bf3ce40dcd2d2b2f96da69/coverage-7.13.1-cp314-cp314t-musllinux_1_2_i686.whl", hash = "sha256:b6f3b96617e9852703f5b633ea01315ca45c77e879584f283c44127f0f1ec564", size = 260959, upload-time = "2025-12-28T15:42:42.808Z" },
    { url = "https://files.pythonhosted.org/packages/4b/2a/6839294e8f78a4891bf1df79d69c536880ba2f970d0ff09e7513d6e352e9/coverage-7.13.1-cp314-cp314t-musllinux_1_2_riscv64.whl", hash = "sha256:bd63e7b74661fed317212fab774e2a648bc4bb09b35f25474f8e3325d2945cd7", size = 259792, upload-time = "2025-12-28T15:42:44.818Z" },
    { url = "https://files.pythonhosted.org/packages/ba/c3/528674d4623283310ad676c5af7414b9850ab6d55c2300e8aa4b945ec554/coverage-7.13.1-cp314-cp314t-musllinux_1_2_x86_64.whl", hash = "sha256:933082f161bbb3e9f90d00990dc956120f608cdbcaeea15c4d897f56ef4fe416", size = 262123, upload-time = "2025-12-28T15:42:47.108Z" },
    { url = "https://files.pythonhosted.org/packages/06/c5/8c0515692fb4c73ac379d8dc09b18eaf0214ecb76ea6e62467ba7a1556ff/coverage-7.13.1-cp314-cp314t-win32.whl", hash = "sha256:18be793c4c87de2965e1c0f060f03d9e5aff66cfeae8e1dbe6e5b88056ec153f", size = 222562, upload-time = "2025-12-28T15:42:49.144Z" },
    { url = "https://files.pythonhosted.org/packages/05/0e/c0a0c4678cb30dac735811db529b321d7e1c9120b79bd728d4f4d6b010e9/coverage-7.13.1-cp314-cp314t-win_amd64.whl", hash = "sha256:0e42e0ec0cd3e0d851cb3c91f770c9301f48647cb2877cb78f74bdaa07639a79", size = 223670, upload-time = "2025-12-28T15:42:51.218Z" },
    { url = "https://files.pythonhosted.org/packages/f5/5f/b177aa0011f354abf03a8f30a85032686d290fdeed4222b27d36b4372a50/coverage-7.13.1-cp314-cp314t-win_arm64.whl", hash = "sha256:eaecf47ef10c72ece9a2a92118257da87e460e113b83cc0d2905cbbe931792b4", size = 221707, upload-time = "2025-12-28T15:42:53.034Z" },
    { url = "https://files.pythonhosted.org/packages/cc/48/d9f421cb8da5afaa1a64570d9989e00fb7955e6acddc5a12979f7666ef60/coverage-7.13.1-py3-none-any.whl", hash = "sha256:2016745cb3ba554469d02819d78958b571792bb68e31302610e898f80dd3a573", size = 210722, upload-time = "2025-12-28T15:42:54.901Z" },
]

[[package]]
name = "iniconfig"
version = "2.3.0"
source = { registry = "https://pypi.org/simple" }
sdist = { url = "https://files.pythonhosted.org/packages/72/34/14ca021ce8e5dfedc35312d08ba8bf51fdd999c576889fc2c24cb97f4f10/iniconfig-2.3.0.tar.gz", hash = "sha256:c76315c77db068650d49c5b56314774a7804df16fee4402c1f19d6d15d8c4730", size = 20503, upload-time = "2025-10-18T21:55:43.219Z" }
wheels = [
    { url = "https://files.pythonhosted.org/packages/cb/b1/3846dd7f199d53cb17f49cba7e651e9ce294d8497c8c150530ed11865bb8/iniconfig-2.3.0-py3-none-any.whl", hash = "sha256:f631c04d2c48c52b84d0d0549c99ff3859c98df65b3101406327ecc7d53fbf12", size = 7484, upload-time = "2025-10-18T21:55:41.639Z" },
]

[[package]]
name = "packaging"
version = "25.0"
source = { registry = "https://pypi.org/simple" }
sdist = { url = "https://files.pythonhosted.org/packages/a1/d4/1fc4078c65507b51b96ca8f8c3ba19e6a61c8253c72794544580a7b6c24d/packaging-25.0.tar.gz", hash = "sha256:d443872c98d677bf60f6a1f2f8c1cb748e8fe762d2bf9d3148b5599295b0fc4f", size = 165727, upload-time = "2025-04-19T11:48:59.673Z" }
wheels = [
    { url = "https://files.pythonhosted.org/packages/20/12/38679034af332785aac8774540895e234f4d07f7545804097de4b666afd8/packaging-25.0-py3-none-any.whl", hash = "sha256:29572ef2b1f17581046b3a2227d5c611fb25ec70ca1ba8554b24b0e69331a484", size = 66469, upload-time = "2025-04-19T11:48:57.875Z" },
]

[[package]]
name = "pluggy"
version = "1.6.0"
source = { registry = "https://pypi.org/simple" }
sdist = { url = "https://files.pythonhosted.org/packages/f9/e2/3e91f31a7d2b083fe6ef3fa267035b518369d9511ffab804f839851d2779/pluggy-1.6.0.tar.gz", hash = "sha256:7dcc130b76258d33b90f61b658791dede3486c3e6bfb003ee5c9bfb396dd22f3", size = 69412, upload-time = "2025-05-15T12:30:07.975Z" }
wheels = [
    { url = "https://files.pythonhosted.org/packages/54/20/4d324d65cc6d9205fabedc306948156824eb9f0ee1633355a8f7ec5c66bf/pluggy-1.6.0-py3-none-any.whl", hash = "sha256:e920276dd6813095e9377c0bc5566d94c932c33b27a3e3945d8389c374dd4746", size = 20538, upload-time = "2025-05-15T12:30:06.134Z" },
]

[[package]]
name = "pycryptodome"
version = "3.23.0"
source = { registry = "https://pypi.org/simple" }
sdist = { url = "https://files.pythonhosted.org/packages/8e/a6/8452177684d5e906854776276ddd34eca30d1b1e15aa1ee9cefc289a33f5/pycryptodome-3.23.0.tar.gz", hash = "sha256:447700a657182d60338bab09fdb27518f8856aecd80ae4c6bdddb67ff5da44ef", size = 4921276, upload-time = "2025-05-17T17:21:45.242Z" }
wheels = [
    { url = "https://files.pythonhosted.org/packages/db/6c/a1f71542c969912bb0e106f64f60a56cc1f0fabecf9396f45accbe63fa68/pycryptodome-3.23.0-cp37-abi3-macosx_10_9_universal2.whl", hash = "sha256:187058ab80b3281b1de11c2e6842a357a1f71b42cb1e15bce373f3d238135c27", size = 2495627, upload-time = "2025-05-17T17:20:47.139Z" },
    { url = "https://files.pythonhosted.org/packages/6e/4e/a066527e079fc5002390c8acdd3aca431e6ea0a50ffd7201551175b47323/pycryptodome-3.23.0-cp37-abi3-macosx_10_9_x86_64.whl", hash = "sha256:cfb5cd445280c5b0a4e6187a7ce8de5a07b5f3f897f235caa11f1f435f182843", size = 1640362, upload-time = "2025-05-17T17:20:50.392Z" },
    { url = "https://files.pythonhosted.org/packages/50/52/adaf4c8c100a8c49d2bd058e5b551f73dfd8cb89eb4911e25a0c469b6b4e/pycryptodome-3.23.0-cp37-abi3-manylinux_2_17_aarch64.manylinux2014_aarch64.whl", hash = "sha256:67bd81fcbe34f43ad9422ee8fd4843c8e7198dd88dd3d40e6de42ee65fbe1490", size = 2182625, upload-time = "2025-05-17T17:20:52.866Z" },
    { url = "https://files.pythonhosted.org/packages/5f/e9/a09476d436d0ff1402ac3867d933c61805ec2326c6ea557aeeac3825604e/pycryptodome-3.23.0-cp37-abi3-manylinux_2_17_x86_64.manylinux2014_x86_64.whl", hash = "sha256:c8987bd3307a39bc03df5c8e0e3d8be0c4c3518b7f044b0f4c15d1aa78f52575", size = 2268954, upload-time = "2025-05-17T17:20:55.027Z" },
    { url = "https://files.pythonhosted.org/packages/f9/c5/ffe6474e0c551d54cab931918127c46d70cab8f114e0c2b5a3c071c2f484/pycryptodome-3.23.0-cp37-abi3-manylinux_2_5_i686.manylinux1_i686.manylinux_2_17_i686.manylinux2014_i686.whl", hash = "sha256:aa0698f65e5b570426fc31b8162ed4603b0c2841cbb9088e2b01641e3065915b", size = 2308534, upload-time = "2025-05-17T17:20:57.279Z" },
    { url = "https://files.pythonhosted.org/packages/18/28/e199677fc15ecf43010f2463fde4c1a53015d1fe95fb03bca2890836603a/pycryptodome-3.23.0-cp37-abi3-musllinux_1_2_aarch64.whl", hash = "sha256:53ecbafc2b55353edcebd64bf5da94a2a2cdf5090a6915bcca6eca6cc452585a", size = 2181853, upload-time = "2025-05-17T17:20:59.322Z" },
    { url = "https://files.pythonhosted.org/packages/ce/ea/4fdb09f2165ce1365c9eaefef36625583371ee514db58dc9b65d3a255c4c/pycryptodome-3.23.0-cp37-abi3-musllinux_1_2_i686.whl", hash = "sha256:156df9667ad9f2ad26255926524e1c136d6664b741547deb0a86a9acf5ea631f", size = 2342465, upload-time = "2025-05-17T17:21:03.83Z" },
    { url = "https://files.pythonhosted.org/packages/22/82/6edc3fc42fe9284aead511394bac167693fb2b0e0395b28b8bedaa07ef04/pycryptodome-3.23.0-cp37-abi3-musllinux_1_2_x86_64.whl", hash = "sha256:dea827b4d55ee390dc89b2afe5927d4308a8b538ae91d9c6f7a5090f397af1aa", size = 2267414, upload-time = "2025-05-17T17:21:06.72Z" },
    { url = "https://files.pythonhosted.org/packages/59/fe/aae679b64363eb78326c7fdc9d06ec3de18bac68be4b612fc1fe8902693c/pycryptodome-3.23.0-cp37-abi3-win32.whl", hash = "sha256:507dbead45474b62b2bbe318eb1c4c8ee641077532067fec9c1aa82c31f84886", size = 1768484, upload-time = "2025-05-17T17:21:08.535Z" },
    { url = "https://files.pythonhosted.org/packages/54/2f/e97a1b8294db0daaa87012c24a7bb714147c7ade7656973fd6c736b484ff/pycryptodome-3.23.0-cp37-abi3-win_amd64.whl", hash = "sha256:c75b52aacc6c0c260f204cbdd834f76edc9fb0d8e0da9fbf8352ef58202564e2", size = 1799636, upload-time = "2025-05-17T17:21:10.393Z" },
    { url = "https://files.pythonhosted.org/packages/18/3d/f9441a0d798bf2b1e645adc3265e55706aead1255ccdad3856dbdcffec14/pycryptodome-3.23.0-cp37-abi3-win_arm64.whl", hash = "sha256:11eeeb6917903876f134b56ba11abe95c0b0fd5e3330def218083c7d98bbcb3c", size = 1703675, upload-time = "2025-05-17T17:21:13.146Z" },
]

[[package]]
name = "pygments"
version = "2.19.2"
source = { registry = "https://pypi.org/simple" }
sdist = { url = "https://files.pythonhosted.org/packages/b0/77/a5b8c569bf593b0140bde72ea885a803b82086995367bf2037de0159d924/pygments-2.19.2.tar.gz", hash = "sha256:636cb2477cec7f8952536970bc533bc43743542f70392ae026374600add5b887", size = 4968631, upload-time = "2025-06-21T13:39:12.283Z" }
wheels = [
    { url = "https://files.pythonhosted.org/packages/c7/21/705964c7812476f378728bdf590ca4b771ec72385c533964653c68e86bdc/pygments-2.19.2-py3-none-any.whl", hash = "sha256:86540386c03d588bb81d44bc3928634ff26449851e99741617ecb9037ee5ec0b", size = 1225217, upload-time = "2025-06-21T13:39:07.939Z" },
]

[[package]]
name = "pyqt6"
version = "6.10.1"
source = { registry = "https://pypi.org/simple" }
dependencies = [
    { name = "pyqt6-qt6" },
    { name = "pyqt6-sip" },
]
sdist = { url = "https://files.pythonhosted.org/packages/5c/f5/530b553ea1e239704c5ba86e9e6dd09e4b6240c5b4ee0567d7a135e8466a/pyqt6-6.10.1.tar.gz", hash = "sha256:d733a6c712c0b7a7b99e4ad59b211ea25a5d1b9d1131e47a1f50b5e524266e57", size = 1085250, upload-time = "2025-12-06T09:56:00.439Z" }
wheels = [
    { url = "https://files.pythonhosted.org/packages/c8/b6/de44a5e229a1b0e91c997e8d4083636f4c17f6cc740e12c7ae468fe223b9/pyqt6-6.10.1-cp39-abi3-macosx_10_14_universal2.whl", hash = "sha256:3c32d738c3fe7434e9008c6aed2897742952a0634383fe5fabaf390139a7726e", size = 60244259, upload-time = "2025-12-06T09:55:38.297Z" },
    { url = "https://files.pythonhosted.org/packages/41/76/df4b4b268595032d0fae863e4d4ad962b541db01b1bb6d12f2bc9c66b74b/pyqt6-6.10.1-cp39-abi3-manylinux_2_34_x86_64.whl", hash = "sha256:46aee0453606097ba35645806fb8cb4019d3825781ff94c5070da7f97bb243d8", size = 37899217, upload-time = "2025-12-06T09:55:42.95Z" },
    { url = "https://files.pythonhosted.org/packages/c8/8b/28695ac012bdb1e40358970bd4e688a3a1e4de8ced0e672688ad8c577ffb/pyqt6-6.10.1-cp39-abi3-manylinux_2_39_aarch64.whl", hash = "sha256:d2f4c3475d1660c343061e64724fccd1e44ec00017f1c89625660de1855a9beb", size = 40748244, upload-time = "2025-12-06T09:55:51.686Z" },
    { url = "https://files.pythonhosted.org/packages/7e/87/465ea8df9936190c133671e07370e17a0fa8fa55308c8742e544cdf3556c/pyqt6-6.10.1-cp39-abi3-win_amd64.whl", hash = "sha256:9cc63abb4136f9c71b39381874ca37ba2b8b920085828497176f3ef50fb72ac2", size = 26015164, upload-time = "2025-12-06T09:55:55.183Z" },
    { url = "https://files.pythonhosted.org/packages/62/6d/fa34a34b1a8b26a1b603face529b4c085eaf6347910b19026b7e6782b714/pyqt6-6.10.1-cp39-abi3-win_arm64.whl", hash = "sha256:b943c2c2b0890db203b1af72714490afa8870b372ceb935cad70877a4e57c0c8", size = 26208188, upload-time = "2025-12-06T09:55:58.382Z" },
]

[[package]]
name = "pyqt6-qt6"
version = "6.10.1"
source = { registry = "https://pypi.org/simple" }
wheels = [
    { url = "https://files.pythonhosted.org/packages/54/1b/137184632cad83a210e7955226744a77945260ca2e75892fe36299d26ada/pyqt6_qt6-6.10.1-py3-none-macosx_10_14_x86_64.whl", hash = "sha256:4bb2798a95f624b462b70c4f185422235b714b01e55abab32af1740f147948e2", size = 68472463, upload-time = "2025-11-27T14:20:51.694Z" },
    { url = "https://files.pythonhosted.org/packages/af/df/ca795ac3d04243ad63499cfedcf92d8b5f6e3585a2a26c09f34cb58c8e44/pyqt6_qt6-6.10.1-py3-none-macosx_11_0_arm64.whl", hash = "sha256:0921cc522512cb40dbab673806bc1676924819550e0aec8e3f3fe6907387c5b7", size = 62296168, upload-time = "2025-11-27T14:21:21.232Z" },
    { url = "https://files.pythonhosted.org/packages/f4/7e/9867361252e2a4717dba95c64a0f3a793603f4a52cb9a46abbb041e960f5/pyqt6_qt6-6.10.1-py3-none-manylinux_2_34_x86_64.whl", hash = "sha256:04069aea421703b1269c8a1bcf017e36463af284a044239a4ebda3bde0a629fb", size = 83829262, upload-time = "2025-11-27T14:22:00.399Z" },
    { url = "https://files.pythonhosted.org/packages/9b/7b/18f4eb2273a92283fe4d87aa740a400eb14a4e41b8f990aaf563e9767db6/pyqt6_qt6-6.10.1-py3-none-manylinux_2_39_aarch64.whl", hash = "sha256:5b9be39e0120e32d0b42cdb844e3ae110ddadd39629c991e511902c06f155aff", size = 82877396, upload-time = "2025-11-27T14:22:36.994Z" },
    { url = "https://files.pythonhosted.org/packages/53/5c/648c515d57bc82909d0597befb03bbc2f7a570f323dba3ad38629669efcb/pyqt6_qt6-6.10.1-py3-none-win_amd64.whl", hash = "sha256:df564d3dc2863b1fde22b39bea9f56ceb2a3ed7d6f0b76d3f96c2d3bc5d71516", size = 76670151, upload-time = "2025-11-27T14:23:11.172Z" },
    { url = "https://files.pythonhosted.org/packages/0a/13/2d2a9c0559bfa53effea5e2c1ed7aebb430186ce0b64cfba235231a049d9/pyqt6_qt6-6.10.1-py3-none-win_arm64.whl", hash = "sha256:48282e0f99682daf4f1e220cfe9f41255e003af38f7728a30d40c76e55c89816", size = 58276316, upload-time = "2025-11-27T14:23:38.744Z" },
]

[[package]]
name = "pyqt6-sip"
version = "13.10.3"
source = { registry = "https://pypi.org/simple" }
sdist = { url = "https://files.pythonhosted.org/packages/0d/e9/d1b97154cec1d6c8a3d93fb6565d1463bc528fa5103491d626d07a451c7c/pyqt6_sip-13.10.3.tar.gz", hash = "sha256:630895b3827e2c3b4e072089157985691fe4210d64340e71141f93775ea4ae51", size = 92621, upload-time = "2025-12-06T13:19:44.569Z" }
wheels = [
    { url = "https://files.pythonhosted.org/packages/a1/70/a22362c2632d07d8e29431418e0485f12a41b3c4844f15b60ca5a969e01c/pyqt6_sip-13.10.3-cp314-cp314-macosx_10_15_universal2.whl", hash = "sha256:eb7afe41329ce2eca99118f01776a047a2a150c550258dff1746505af223f997", size = 112432, upload-time = "2025-12-06T13:19:39.153Z" },
    { url = "https://files.pythonhosted.org/packages/25/72/e0a7e4489ea5b948aef707a7d76baf6722a65aabd7e4d3c253583eb6b268/pyqt6_sip-13.10.3-cp314-cp314-manylinux1_x86_64.manylinux_2_5_x86_64.whl", hash = "sha256:6122fe4ccba5a5023581c2c3c57deab6eab56d8e931beec20b05666a46a38e6a", size = 301341, upload-time = "2025-12-06T13:19:41.642Z" },
    { url = "https://files.pythonhosted.org/packages/1f/43/0a648469a7e4f07df1c4ad6443f892e55631f24f7af30c7c946e458a82d1/pyqt6_sip-13.10.3-cp314-cp314-manylinux_2_17_aarch64.manylinux2014_aarch64.whl", hash = "sha256:3286a98e93608d51048e9046f557117424c8366be266b33ff852ee54ffa7b9bf", size = 324062, upload-time = "2025-12-06T13:19:40.308Z" },
    { url = "https://files.pythonhosted.org/packages/f3/0d/67d2095a932c007210437318c31fbc8376deb4e4491907861c4b9ac4ad9e/pyqt6_sip-13.10.3-cp314-cp314-win_amd64.whl", hash = "sha256:4fc6229ba7276266e3805b5517e7413cba79538f0c3ce7d2042a2027a90f99cf", size = 55076, upload-time = "2025-12-06T13:19:42.61Z" },
    { url = "https://files.pythonhosted.org/packages/f8/cd/f121be0271dc73d54f3580584103c046a8d2c06a2686b594b77fd677a5ef/pyqt6_sip-13.10.3-cp314-cp314-win_arm64.whl", hash = "sha256:efef47667ca009557d7ecf985b15f0bf440584fd634ee0eab19ec296effc7cca", size = 49464, upload-time = "2025-12-06T13:19:43.638Z" },
]

[[package]]
name = "pyqt6-webengine"
version = "6.10.0"
source = { registry = "https://pypi.org/simple" }
dependencies = [
    { name = "pyqt6" },
    { name = "pyqt6-sip" },
    { name = "pyqt6-webengine-qt6" },
]
sdist = { url = "https://files.pythonhosted.org/packages/5f/5d/355dfe41246c611e861a1e88b43173b57c1b56a550bea12cfeaafbc7e6b6/pyqt6_webengine-6.10.0.tar.gz", hash = "sha256:267d27275d0c79ae270bca4b03520a41fa7e85c2a4d9632da8cb9cc233a55ad1", size = 37053, upload-time = "2025-10-22T12:08:54.709Z" }
wheels = [
    { url = "https://files.pythonhosted.org/packages/7b/d6/dd16a44378deecaeea747eb85c3cb816ac5bc30ea8622d647588415f57ad/pyqt6_webengine-6.10.0-1-cp39-abi3-manylinux_2_34_x86_64.whl", hash = "sha256:95dc3c0c36c0e4eb4024e4fdbcfa1c5593a88e16de1563431a422084bec26974", size = 1305797, upload-time = "2025-10-24T18:33:34.249Z" },
    { url = "https://files.pythonhosted.org/packages/10/33/93edafa15fb76d1949adf9a035676c074bd8c4335f81ea1e1f20a7c47f68/pyqt6_webengine-6.10.0-cp39-abi3-macosx_10_14_universal2.whl", hash = "sha256:13d25cb332f553f7e811532e34bd82c811590b5fef553926b13c854548523112", size = 2374354, upload-time = "2025-10-22T12:08:48.249Z" },
    { url = "https://files.pythonhosted.org/packages/0a/43/bfb9b8faa50f6b94d34881303777225b255a081f95df1b177002598ef22b/pyqt6_webengine-6.10.0-cp39-abi3-manylinux_2_34_x86_64.whl", hash = "sha256:9911b7b3995bc1cff8fec142c2817ee0bbdbaea18b94aebaa6bc23e13941d0b2", size = 1336461, upload-time = "2025-10-22T12:08:50.038Z" },
    { url = "https://files.pythonhosted.org/packages/16/6d/0964bc6674f00f1a8161f3c2d26ce1507b73b5a09361c204002b1a32512d/pyqt6_webengine-6.10.0-cp39-abi3-manylinux_2_39_aarch64.whl", hash = "sha256:cd2c24ab5ee9142fc34b8a21e12255dcf61bdc15aff3eccd00b1cb91a1b1fbf8", size = 1430142, upload-time = "2025-10-22T12:08:51.318Z" },
    { url = "https://files.pythonhosted.org/packages/7d/2f/3239e1f5a6c063937a8a4c6ad7f4899367d20bc7ee3f655c54b11ca7096e/pyqt6_webengine-6.10.0-cp39-abi3-win_amd64.whl", hash = "sha256:3794edbefd62ae95cd5e760b7a91b7b6473e83b635ad3f3c4a78e58c95e1e460", size = 866181, upload-time = "2025-10-22T12:08:52.484Z" },
    { url = "https://files.pythonhosted.org/packages/d0/e9/6567e64cf5716f3c475495201b991407ad2ee01125199f60f45271925152/pyqt6_webengine-6.10.0-cp39-abi3-win_arm64.whl", hash = "sha256:65e74dbe7a3a0c746e7ec68718f1937368cb10c1f8a242335577f6710f8f94bd", size = 861061, upload-time = "2025-10-22T12:08:53.731Z" },
]

[[package]]
name = "pyqt6-webengine-qt6"
version = "6.10.1"
source = { registry = "https://pypi.org/simple" }
wheels = [
    { url = "https://files.pythonhosted.org/packages/7e/43/74b238c03741848b0ef0323e2a1b5c10e783b251b1e8dc006e35ea7db91a/pyqt6_webengine_qt6-6.10.1-py3-none-macosx_10_14_x86_64.whl", hash = "sha256:2709583bc9be99dd523fe7157ce018a35e1e4206a7e0008274f126c12ecd79d1", size = 122712662, upload-time = "2025-11-27T14:27:08.122Z" },
    { url = "https://files.pythonhosted.org/packages/09/d4/22c079e19319c73558f7f1b869b6cb952549e4599a9342b5cda84e97ebba/pyqt6_webengine_qt6-6.10.1-py3-none-macosx_11_0_arm64.whl", hash = "sha256:e1d5f46e90259d02e809dbf9c3e57f58c64da260f8abdad9530e5b5444184306", size = 109529132, upload-time = "2025-11-27T14:27:56.16Z" },
    { url = "https://files.pythonhosted.org/packages/47/75/e678f19d4913d12837dd94b50e66e3f41ad87522b4ae328b11b3edf0997a/pyqt6_webengine_qt6-6.10.1-py3-none-manylinux_2_34_x86_64.whl", hash = "sha256:ca1404eb035e3343fc1b88bd418f47fed4fe907012812788902598783c582901", size = 113905746, upload-time = "2025-11-27T14:28:45.491Z" },
    { url = "https://files.pythonhosted.org/packages/8a/27/6be0c921777ec5db9548edfb1f891f53166f85db63e532ef0d8ba124da71/pyqt6_webengine_qt6-6.10.1-py3-none-manylinux_2_39_aarch64.whl", hash = "sha256:76545e9b104802140db344c7bb513a8d732e80f68dc16d158f7fb11feaa28eaa", size = 109504644, upload-time = "2025-11-27T14:29:33.403Z" },
    { url = "https://files.pythonhosted.org/packages/35/6d/ee4a1008b8137d392ee3c4cd3816e00cd60fbb645b0aafa88923d96c1176/pyqt6_webengine_qt6-6.10.1-py3-none-win_amd64.whl", hash = "sha256:5a572b7f96edc98e457e652c380f9c605e1112532723932fa01d2625f331121e", size = 130615208, upload-time = "2025-11-27T14:30:38.142Z" },
    { url = "https://files.pythonhosted.org/packages/e2/ae/e7bd509ea026cc6c9ac0435a5fb7dbc182279094f10c488d59a774354aec/pyqt6_webengine_qt6-6.10.1-py3-none-win_arm64.whl", hash = "sha256:50b8f2be23b4989abb6f62b19f7ca80dd4f1d48e46e954ba63fd4d5de3ef856e", size = 112832551, upload-time = "2025-11-27T14:31:28.191Z" },
]

[[package]]
name = "pytest"
version = "9.0.2"
source = { registry = "https://pypi.org/simple" }
dependencies = [
    { name = "colorama", marker = "sys_platform == 'win32'" },
    { name = "iniconfig" },
    { name = "packaging" },
    { name = "pluggy" },
    { name = "pygments" },
]
sdist = { url = "https://files.pythonhosted.org/packages/d1/db/7ef3487e0fb0049ddb5ce41d3a49c235bf9ad299b6a25d5780a89f19230f/pytest-9.0.2.tar.gz", hash = "sha256:75186651a92bd89611d1d9fc20f0b4345fd827c41ccd5c299a868a05d70edf11", size = 1568901, upload-time = "2025-12-06T21:30:51.014Z" }
wheels = [
    { url = "https://files.pythonhosted.org/packages/3b/ab/b3226f0bd7cdcf710fbede2b3548584366da3b19b5021e74f5bde2a8fa3f/pytest-9.0.2-py3-none-any.whl", hash = "sha256:711ffd45bf766d5264d487b917733b453d917afd2b0ad65223959f59089f875b", size = 374801, upload-time = "2025-12-06T21:30:49.154Z" },
]

[[package]]
name = "pytest-cov"
version = "7.0.0"
source = { registry = "https://pypi.org/simple" }
dependencies = [
    { name = "coverage" },
    { name = "pluggy" },
    { name = "pytest" },
]
sdist = { url = "https://files.pythonhosted.org/packages/5e/f7/c933acc76f5208b3b00089573cf6a2bc26dc80a8aece8f52bb7d6b1855ca/pytest_cov-7.0.0.tar.gz", hash = "sha256:33c97eda2e049a0c5298e91f519302a1334c26ac65c1a483d6206fd458361af1", size = 54328, upload-time = "2025-09-09T10:57:02.113Z" }
wheels = [
    { url = "https://files.pythonhosted.org/packages/ee/49/1377b49de7d0c1ce41292161ea0f721913fa8722c19fb9c1e3aa0367eecb/pytest_cov-7.0.0-py3-none-any.whl", hash = "sha256:3b8e9558b16cc1479da72058bdecf8073661c7f57f7d3c5f22a1c23507f2d861", size = 22424, upload-time = "2025-09-09T10:57:00.695Z" },
]

[[package]]
name = "pyzmail39"
version = "0.0.2"
source = { registry = "https://pypi.org/simple" }
sdist = { url = "https://files.pythonhosted.org/packages/4c/a8/e9179809b3138efa5c494f1a492fff51210c046f65e0e416b62eff1926f5/pyzmail39-0.0.2.tar.gz", hash = "sha256:0d283488e3d99e6fd1eac6a7df933e41edee42379190871ed390f1a0e5eef800", size = 20650, upload-time = "2022-01-22T08:22:19.258Z" }

[[package]]
name = "setuptools"
version = "80.9.0"
source = { registry = "https://pypi.org/simple" }
sdist = { url = "https://files.pythonhosted.org/packages/18/5d/3bf57dcd21979b887f014ea83c24ae194cfcd12b9e0fda66b957c69d1fca/setuptools-80.9.0.tar.gz", hash = "sha256:f36b47402ecde768dbfafc46e8e4207b4360c654f1f3bb84475f0a28628fb19c", size = 1319958, upload-time = "2025-05-27T00:56:51.443Z" }
wheels = [
    { url = "https://files.pythonhosted.org/packages/a3/dc/17031897dae0efacfea57dfd3a82fdd2a2aeb58e0ff71b77b87e44edc772/setuptools-80.9.0-py3-none-any.whl", hash = "sha256:062d34222ad13e0cc312a4c02d73f059e86a4acbfbdea8f8f76b28c99f306922", size = 1201486, upload-time = "2025-05-27T00:56:49.664Z" },
]

[[package]]
name = "stopit"
version = "1.1.2"
source = { registry = "https://pypi.org/simple" }
sdist = { url = "https://files.pythonhosted.org/packages/35/58/e8bb0b0fb05baf07bbac1450c447d753da65f9701f551dca79823ce15d50/stopit-1.1.2.tar.gz", hash = "sha256:f7f39c583fd92027bd9d06127b259aee7a5b7945c1f1fa56263811e1e766996d", size = 18281, upload-time = "2018-02-09T00:32:14.204Z" }
